# This file is automatically @generated by Cargo.
# It is not intended for manual editing.
version = 4

[[package]]
name = "puzzle_2024_01"
version = "0.1.0"

[[package]]
name = "puzzle_2024_02"
version = "0.1.0"

[[package]]
name = "puzzle_2024_03"
version = "0.1.0"

[[package]]
name = "puzzle_2024_04"
version = "0.1.0"

[[package]]
name = "puzzle_2025_01"
version = "0.1.0"

[[package]]
name = "puzzle_2025_02"
version = "0.1.0"

[[package]]
name = "puzzle_2025_03"
version = "0.1.0"

[[package]]
name = "puzzle_2025_04"
version = "0.1.0"

[[package]]
name = "puzzle_2025_05"
version = "0.1.0"

[[package]]
name = "puzzle_2025_06"
version = "0.1.0"

[[package]]
name = "puzzle_2025_07"
version = "0.1.0"
